<?xml version="1.0" encoding="utf-8"?>
<Project ToolsVersion="4.0" xmlns="http://schemas.microsoft.com/developer/msbuild/2003">
  <ItemGroup>
    <Filter Include="Source Files">
      <UniqueIdentifier>{4FC737F1-C7A5-4376-A066-2A32D752A2FF}</UniqueIdentifier>
      <Extensions>cpp;c;cc;cxx;c++;def;odl;idl;hpj;bat;asm;asmx</Extensions>
    </Filter>
    <Filter Include="Header Files">
      <UniqueIdentifier>{93995380-89BD-4b04-88EB-625FBE52EBFB}</UniqueIdentifier>
      <Extensions>h;hh;hpp;hxx;h++;hm;inl;inc;ipp;xsd</Extensions>
    </Filter>
    <Filter Include="Resource Files">
      <UniqueIdentifier>{67DA6AB6-F800-4c08-8B7A-83BB121AAD01}</UniqueIdentifier>
      <Extensions>rc;ico;cur;bmp;dlg;rc2;rct;bin;rgs;gif;jpg;jpeg;jpe;resx;tiff;tif;png;wav;mfcribbon-ms</Extensions>
    </Filter>
    <Filter Include="Resource Files\ico">
      <UniqueIdentifier>{b99be75a-bf94-4216-a353-8f1caa3cc158}</UniqueIdentifier>
    </Filter>
    <Filter Include="Resource Files\rc">
      <UniqueIdentifier>{516e9284-dcc7-4f3b-8e36-b3bdd7f95bf9}</UniqueIdentifier>
    </Filter>
    <Filter Include="Resource Files\cards">
      <UniqueIdentifier>{66ac09ca-9c21-492a-9f31-dc70713f0a7d}</UniqueIdentifier>
    </Filter>
  </ItemGroup>
  <ItemGroup>
    <ClInclude Include="ScryTheSpire.h">
      <Filter>Header Files</Filter>
    </ClInclude>
    <ClInclude Include="ScryTheSpireDlg.h">
      <Filter>Header Files</Filter>
    </ClInclude>
    <ClInclude Include="framework.h">
      <Filter>Header Files</Filter>
    </ClInclude>
    <ClInclude Include="targetver.h">
      <Filter>Header Files</Filter>
    </ClInclude>
    <ClInclude Include="Resource.h">
      <Filter>Header Files</Filter>
    </ClInclude>
    <ClInclude Include="pch.h">
      <Filter>Header Files</Filter>
    </ClInclude>
  </ItemGroup>
  <ItemGroup>
    <ClCompile Include="ScryTheSpire.cpp">
      <Filter>Source Files</Filter>
    </ClCompile>
    <ClCompile Include="ScryTheSpireDlg.cpp">
      <Filter>Source Files</Filter>
    </ClCompile>
    <ClCompile Include="pch.cpp">
      <Filter>Source Files</Filter>
    </ClCompile>
  </ItemGroup>
  <ItemGroup>
    <None Include="ScryTheSpire.htm" />
    <None Include="res\ScryTheSpire.rc2">
      <Filter>Resource Files\rc</Filter>
    </None>
  </ItemGroup>
  <ItemGroup>
    <Image Include="res\ScryTheSpire.ico">
      <Filter>Resource Files\ico</Filter>
    </Image>
  </ItemGroup>
  <ItemGroup>
    <ResourceCompile Include="ScryTheSpire.rc">
      <Filter>Resource Files\rc</Filter>
    </ResourceCompile>
  </ItemGroup>
</Project>